
Microsoft Visual Studio Solution File, Format Version 12.00
# Visual Studio 15
Project("{FAE04EC0-301F-11D3-BF4B-00C04F79EFBC}") = "SimpleSalaries", "SimpleSalaries.csproj", "{B4BAA65D-D5AF-4374-A551-C358144884A9}"
EndProject
Project("{FAE04EC0-301F-11D3-BF4B-00C04F79EFBC}") = "SimpleSalariesTests", "Test2\SimpleSalariesTests.csproj", "{3DECCF26-47F9-4D2A-8B5F-5F4368EBCA87}"
EndProject
Global
	GlobalSection(SolutionConfigurationPlatforms) = preSolution
		Debug|Any CPU = Debug|Any CPU
		Release|Any CPU = Release|Any CPU
	EndGlobalSection
	GlobalSection(ProjectConfigurationPlatforms) = postSolution
		{B4BAA65D-D5AF-4374-A551-C358144884A9}.Debug|Any CPU.ActiveCfg = Debug|Any CPU
		{B4BAA65D-D5AF-4374-A551-C358144884A9}.Debug|Any CPU.Build.0 = Debug|Any CPU
		{B4BAA65D-D5AF-4374-A551-C358144884A9}.Release|Any CPU.ActiveCfg = Release|Any CPU
		{B4BAA65D-D5AF-4374-A551-C358144884A9}.Release|Any CPU.Build.0 = Release|Any CPU
		{3DECCF26-47F9-4D2A-8B5F-5F4368EBCA87}.Debug|Any CPU.ActiveCfg = Debug|Any CPU
		{3DECCF26-47F9-4D2A-8B5F-5F4368EBCA87}.Debug|Any CPU.Build.0 = Debug|Any CPU
		{3DECCF26-47F9-4D2A-8B5F-5F4368EBCA87}.Release|Any CPU.ActiveCfg = Release|Any CPU
		{3DECCF26-47F9-4D2A-8B5F-5F4368EBCA87}.Release|Any CPU.Build.0 = Release|Any CPU
	EndGlobalSection
EndGlobal
